// !$*UTF8*$!
{
	archiveVersion = 1;
	classes = {
	};
	objectVersion = 56;
	objects = {

/* Begin PBXBuildFile section */
		DA9395E0291A87CE00F5F549 /* AppDelegate.swift in Sources */ = {isa = PBXBuildFile; fileRef = DA9395DF291A87CE00F5F549 /* AppDelegate.swift */; };
		DA9395E2291A87CE00F5F549 /* SceneDelegate.swift in Sources */ = {isa = PBXBuildFile; fileRef = DA9395E1291A87CE00F5F549 /* SceneDelegate.swift */; };
		DA9395E9291A87CF00F5F549 /* Assets.xcassets in Resources */ = {isa = PBXBuildFile; fileRef = DA9395E8291A87CF00F5F549 /* Assets.xcassets */; };
		DA9395EC291A87CF00F5F549 /* LaunchScreen.storyboard in Resources */ = {isa = PBXBuildFile; fileRef = DA9395EA291A87CF00F5F549 /* LaunchScreen.storyboard */; };
		DA9395F5291A883000F5F549 /* CounterView.swift in Sources */ = {isa = PBXBuildFile; fileRef = DA9395F4291A883000F5F549 /* CounterView.swift */; };
		DA9395F7291A883900F5F549 /* CounterModel.swift in Sources */ = {isa = PBXBuildFile; fileRef = DA9395F6291A883900F5F549 /* CounterModel.swift */; };
		DA9395FA291A88AD00F5F549 /* EasyAutolayout in Frameworks */ = {isa = PBXBuildFile; productRef = DA9395F9291A88AD00F5F549 /* EasyAutolayout */; };
/* End PBXBuildFile section */

/* Begin PBXFileReference section */
		DA9395DC291A87CE00F5F549 /* MVVM_Counter.app */ = {isa = PBXFileReference; explicitFileType = wrapper.application; includeInIndex = 0; path = MVVM_Counter.app; sourceTree = BUILT_PRODUCTS_DIR; };
		DA9395DF291A87CE00F5F549 /* AppDelegate.swift */ = {isa = PBXFileReference; lastKnownFileType = sourcecode.swift; path = AppDelegate.swift; sourceTree = "<group>"; };
		DA9395E1291A87CE00F5F549 /* SceneDelegate.swift */ = {isa = PBXFileReference; lastKnownFileType = sourcecode.swift; path = SceneDelegate.swift; sourceTree = "<group>"; };
		DA9395E8291A87CF00F5F549 /* Assets.xcassets */ = {isa = PBXFileReference; lastKnownFileType = folder.assetcatalog; path = Assets.xcassets; sourceTree = "<group>"; };
		DA9395EB291A87CF00F5F549 /* Base */ = {isa = PBXFileReference; lastKnownFileType = file.storyboard; name = Base; path = Base.lproj/LaunchScreen.storyboard; sourceTree = "<group>"; };
		DA9395ED291A87CF00F5F549 /* Info.plist */ = {isa = PBXFileReference; lastKnownFileType = text.plist.xml; path = Info.plist; sourceTree = "<group>"; };
		DA9395F4291A883000F5F549 /* CounterView.swift */ = {isa = PBXFileReference; lastKnownFileType = sourcecode.swift; path = CounterView.swift; sourceTree = "<group>"; };
		DA9395F6291A883900F5F549 /* CounterModel.swift */ = {isa = PBXFileReference; lastKnownFileType = sourcecode.swift; path = CounterModel.swift; sourceTree = "<group>"; };
/* End PBXFileReference section */

/* Begin PBXFrameworksBuildPhase section */
		DA9395D9291A87CE00F5F549 /* Frameworks */ = {
			isa = PBXFrameworksBuildPhase;
			buildActionMask = 2147483647;
			files = (
				DA9395FA291A88AD00F5F549 /* EasyAutolayout in Frameworks */,
			);
			runOnlyForDeploymentPostprocessing = 0;
		};
/* End PBXFrameworksBuildPhase section */

/* Begin PBXGroup section */
		DA9395D3291A87CE00F5F549 = {
			isa = PBXGroup;
			children = (
				DA9395DE291A87CE00F5F549 /* MVVM_Counter */,
				DA9395DD291A87CE00F5F549 /* Products */,
			);
			sourceTree = "<group>";
		};
		DA9395DD291A87CE00F5F549 /* Products */ = {
			isa = PBXGroup;
			children = (
				DA9395DC291A87CE00F5F549 /* MVVM_Counter.app */,
			);
			name = Products;
			sourceTree = "<group>";
		};
		DA9395DE291A87CE00F5F549 /* MVVM_Counter */ = {
			isa = PBXGroup;
			children = (
				DA9395FC291A891D00F5F549 /* Resources */,
				DA9395FB291A890900F5F549 /* Application */,
				DA9395F3291A881500F5F549 /* Counter */,
			);
			path = MVVM_Counter;
			sourceTree = "<group>";
		};
		DA9395F3291A881500F5F549 /* Counter */ = {
			isa = PBXGroup;
			children = (
				DA9395F4291A883000F5F549 /* CounterView.swift */,
				DA9395F6291A883900F5F549 /* CounterModel.swift */,
			);
			path = Counter;
			sourceTree = "<group>";
		};
		DA9395FB291A890900F5F549 /* Application */ = {
			isa = PBXGroup;
			children = (
				DA9395DF291A87CE00F5F549 /* AppDelegate.swift */,
				DA9395E1291A87CE00F5F549 /* SceneDelegate.swift */,
			);
			path = Application;
			sourceTree = "<group>";
		};
		DA9395FC291A891D00F5F549 /* Resources */ = {
			isa = PBXGroup;
			children = (
				DA9395ED291A87CF00F5F549 /* Info.plist */,
				DA9395EA291A87CF00F5F549 /* LaunchScreen.storyboard */,
				DA9395E8291A87CF00F5F549 /* Assets.xcassets */,
			);
			path = Resources;
			sourceTree = "<group>";
		};
/* End PBXGroup section */

/* Begin PBXNativeTarget section */
		DA9395DB291A87CE00F5F549 /* MVVM_Counter */ = {
			isa = PBXNativeTarget;
			buildConfigurationList = DA9395F0291A87CF00F5F549 /* Build configuration list for PBXNativeTarget "MVVM_Counter" */;
			buildPhases = (
				DA9395D8291A87CE00F5F549 /* Sources */,
				DA9395D9291A87CE00F5F549 /* Frameworks */,
				DA9395DA291A87CE00F5F549 /* Resources */,
			);
			buildRules = (
			);
			dependencies = (
			);
			name = MVVM_Counter;
			packageProductDependencies = (
				DA9395F9291A88AD00F5F549 /* EasyAutolayout */,
			);
			productName = MVVM_Counter;
			productReference = DA9395DC291A87CE00F5F549 /* MVVM_Counter.app */;
			productType = "com.apple.product-type.application";
		};
/* End PBXNativeTarget section */

/* Begin PBXProject section */
		DA9395D4291A87CE00F5F549 /* Project object */ = {
			isa = PBXProject;
			attributes = {
				BuildIndependentTargetsInParallel = 1;
				LastSwiftUpdateCheck = 1410;
				LastUpgradeCheck = 1410;
				TargetAttributes = {
					DA9395DB291A87CE00F5F549 = {
						CreatedOnToolsVersion = 14.1;
					};
				};
			};
			buildConfigurationList = DA9395D7291A87CE00F5F549 /* Build configuration list for PBXProject "MVVM_Counter" */;
			compatibilityVersion = "Xcode 14.0";
			developmentRegion = en;
			hasScannedForEncodings = 0;
			knownRegions = (
				en,
				Base,
			);
			mainGroup = DA9395D3291A87CE00F5F549;
			packageReferences = (
				DA9395F8291A88AD00F5F549 /* XCRemoteSwiftPackageReference "EasyAutoLayout" */,
			);
			productRefGroup = DA9395DD291A87CE00F5F549 /* Products */;
			projectDirPath = "";
			projectRoot = "";
			targets = (
				DA9395DB291A87CE00F5F549 /* MVVM_Counter */,
			);
		};
/* End PBXProject section */

/* Begin PBXResourcesBuildPhase section */
		DA9395DA291A87CE00F5F549 /* Resources */ = {
			isa = PBXResourcesBuildPhase;
			buildActionMask = 2147483647;
			files = (
				DA9395EC291A87CF00F5F549 /* LaunchScreen.storyboard in Resources */,
				DA9395E9291A87CF00F5F549 /* Assets.xcassets in Resources */,
			);
			runOnlyForDeploymentPostprocessing = 0;
		};
/* End PBXResourcesBuildPhase section */

/* Begin PBXSourcesBuildPhase section */
		DA9395D8291A87CE00F5F549 /* Sources */ = {
			isa = PBXSourcesBuildPhase;
			buildActionMask = 2147483647;
			files = (
				DA9395E0291A87CE00F5F549 /* AppDelegate.swift in Sources */,
				DA9395E2291A87CE00F5F549 /* SceneDelegate.swift in Sources */,
				DA9395F5291A883000F5F549 /* CounterView.swift in Sources */,
				DA9395F7291A883900F5F549 /* CounterModel.swift in Sources */,
			);
			runOnlyForDeploymentPostprocessing = 0;
		};
/* End PBXSourcesBuildPhase section */

/* Begin PBXVariantGroup section */
		DA9395EA291A87CF00F5F549 /* LaunchScreen.storyboard */ = {
			isa = PBXVariantGroup;
			children = (
				DA9395EB291A87CF00F5F549 /* Base */,
			);
			name = LaunchScreen.storyboard;
			sourceTree = "<group>";
		};
/* End PBXVariantGroup section */

/* Begin XCBuildConfiguration section */
		DA9395EE291A87CF00F5F549 /* Debug */ = {
			isa = XCBuildConfiguration;
			buildSettings = {
				ALWAYS_SEARCH_USER_PATHS = NO;
				CLANG_ANALYZER_NONNULL = YES;
				CLANG_ANALYZER_NUMBER_OBJECT_CONVERSION = YES_AGGRESSIVE;
				CLANG_CXX_LANGUAGE_STANDARD = "gnu++20";
				CLANG_ENABLE_MODULES = YES;
				CLANG_ENABLE_OBJC_ARC = YES;
				CLANG_ENABLE_OBJC_WEAK = YES;
				CLANG_WARN_BLOCK_CAPTURE_AUTORELEASING = YES;
				CLANG_WARN_BOOL_CONVERSION = YES;
				CLANG_WARN_COMMA = YES;
				CLANG_WARN_CONSTANT_CONVERSION = YES;
				CLANG_WARN_DEPRECATED_OBJC_IMPLEMENTATIONS = YES;
				CLANG_WARN_DIRECT_OBJC_ISA_USAGE = YES_ERROR;
				CLANG_WARN_DOCUMENTATION_COMMENTS = YES;
				CLANG_WARN_EMPTY_BODY = YES;
				CLANG_WARN_ENUM_CONVERSION = YES;
				CLANG_WARN_INFINITE_RECURSION = YES;
				CLANG_WARN_INT_CONVERSION = YES;
				CLANG_WARN_NON_LITERAL_NULL_CONVERSION = YES;
				CLANG_WARN_OBJC_IMPLICIT_RETAIN_SELF = YES;
				CLANG_WARN_OBJC_LITERAL_CONVERSION = YES;
				CLANG_WARN_OBJC_ROOT_CLASS = YES_ERROR;
				CLANG_WARN_QUOTED_INCLUDE_IN_FRAMEWORK_HEADER = YES;
				CLANG_WARN_RANGE_LOOP_ANALYSIS = YES;
				CLANG_WARN_STRICT_PROTOTYPES = YES;
				CLANG_WARN_SUSPICIOUS_MOVE = YES;
				CLANG_WARN_UNGUARDED_AVAILABILITY = YES_AGGRESSIVE;
				CLANG_WARN_UNREACHABLE_CODE = YES;
				CLANG_WARN__DUPLICATE_METHOD_MATCH = YES;
				COPY_PHASE_STRIP = NO;
				DEBUG_INFORMATION_FORMAT = dwarf;
				ENABLE_STRICT_OBJC_MSGSEND = YES;
				ENABLE_TESTABILITY = YES;
				GCC_C_LANGUAGE_STANDARD = gnu11;
				GCC_DYNAMIC_NO_PIC = NO;
				GCC_NO_COMMON_BLOCKS = YES;
				GCC_OPTIMIZATION_LEVEL = 0;
				GCC_PREPROCESSOR_DEFINITIONS = (
					"DEBUG=1",
					"$(inherited)",
				);
				GCC_WARN_64_TO_32_BIT_CONVERSION = YES;
				GCC_WARN_ABOUT_RETURN_TYPE = YES_ERROR;
				GCC_WARN_UNDECLARED_SELECTOR = YES;
				GCC_WARN_UNINITIALIZED_AUTOS = YES_AGGRESSIVE;
				GCC_WARN_UNUSED_FUNCTION = YES;
				GCC_WARN_UNUSED_VARIABLE = YES;
				IPHONEOS_DEPLOYMENT_TARGET = 16.1;
				MTL_ENABLE_DEBUG_INFO = INCLUDE_SOURCE;
				MTL_FAST_MATH = YES;
				ONLY_ACTIVE_ARCH = YES;
				SDKROOT = iphoneos;
				SWIFT_ACTIVE_COMPILATION_CONDITIONS = DEBUG;
				SWIFT_OPTIMIZATION_LEVEL = "-Onone";
			};
			name = Debug;
		};
		DA9395EF291A87CF00F5F549 /* Release */ = {
			isa = XCBuildConfiguration;
			buildSettings = {
				ALWAYS_SEARCH_USER_PATHS = NO;
				CLANG_ANALYZER_NONNULL = YES;
				CLANG_ANALYZER_NUMBER_OBJECT_CONVERSION = YES_AGGRESSIVE;
				CLANG_CXX_LANGUAGE_STANDARD = "gnu++20";
				CLANG_ENABLE_MODULES = YES;
				CLANG_ENABLE_OBJC_ARC = YES;
				CLANG_ENABLE_OBJC_WEAK = YES;
				CLANG_WARN_BLOCK_CAPTURE_AUTORELEASING = YES;
				CLANG_WARN_BOOL_CONVERSION = YES;
				CLANG_WARN_COMMA = YES;
				CLANG_WARN_CONSTANT_CONVERSION = YES;
				CLANG_WARN_DEPRECATED_OBJC_IMPLEMENTATIONS = YES;
				CLANG_WARN_DIRECT_OBJC_ISA_USAGE = YES_ERROR;
				CLANG_WARN_DOCUMENTATION_COMMENTS = YES;
				CLANG_WARN_EMPTY_BODY = YES;
				CLANG_WARN_ENUM_CONVERSION = YES;
				CLANG_WARN_INFINITE_RECURSION = YES;
				CLANG_WARN_INT_CONVERSION = YES;
				CLANG_WARN_NON_LITERAL_NULL_CONVERSION = YES;
				CLANG_WARN_OBJC_IMPLICIT_RETAIN_SELF = YES;
				CLANG_WARN_OBJC_LITERAL_CONVERSION = YES;
				CLANG_WARN_OBJC_ROOT_CLASS = YES_ERROR;
				CLANG_WARN_QUOTED_INCLUDE_IN_FRAMEWORK_HEADER = YES;
				CLANG_WARN_RANGE_LOOP_ANALYSIS = YES;
				CLANG_WARN_STRICT_PROTOTYPES = YES;
				CLANG_WARN_SUSPICIOUS_MOVE = YES;
				CLANG_WARN_UNGUARDED_AVAILABILITY = YES_AGGRESSIVE;
				CLANG_WARN_UNREACHABLE_CODE = YES;
				CLANG_WARN__DUPLICATE_METHOD_MATCH = YES;
				COPY_PHASE_STRIP = NO;
				DEBUG_INFORMATION_FORMAT = "dwarf-with-dsym";
				ENABLE_NS_ASSERTIONS = NO;
				ENABLE_STRICT_OBJC_MSGSEND = YES;
				GCC_C_LANGUAGE_STANDARD = gnu11;
				GCC_NO_COMMON_BLOCKS = YES;
				GCC_WARN_64_TO_32_BIT_CONVERSION = YES;
				GCC_WARN_ABOUT_RETURN_TYPE = YES_ERROR;
				GCC_WARN_UNDECLARED_SELECTOR = YES;
				GCC_WARN_UNINITIALIZED_AUTOS = YES_AGGRESSIVE;
				GCC_WARN_UNUSED_FUNCTION = YES;
				GCC_WARN_UNUSED_VARIABLE = YES;
				IPHONEOS_DEPLOYMENT_TARGET = 16.1;
				MTL_ENABLE_DEBUG_INFO = NO;
				MTL_FAST_MATH = YES;
				SDKROOT = iphoneos;
				SWIFT_COMPILATION_MODE = wholemodule;
				SWIFT_OPTIMIZATION_LEVEL = "-O";
				VALIDATE_PRODUCT = YES;
			};
			name = Release;
		};
		DA9395F1291A87CF00F5F549 /* Debug */ = {
			isa = XCBuildConfiguration;
			buildSettings = {
				ASSETCATALOG_COMPILER_APPICON_NAME = AppIcon;
				ASSETCATALOG_COMPILER_GLOBAL_ACCENT_COLOR_NAME = AccentColor;
				CODE_SIGN_STYLE = Automatic;
				CURRENT_PROJECT_VERSION = 1;
				DEVELOPMENT_TEAM = 4XKQ66453D;
				GENERATE_INFOPLIST_FILE = YES;
				INFOPLIST_FILE = MVVM_Counter/Resources/Info.plist;
				INFOPLIST_KEY_UIApplicationSupportsIndirectInputEvents = YES;
				INFOPLIST_KEY_UILaunchStoryboardName = LaunchScreen;
				INFOPLIST_KEY_UISupportedInterfaceOrientations_iPad = "UIInterfaceOrientationPortrait UIInterfaceOrientationPortraitUpsideDown UIInterfaceOrientationLandscapeLeft UIInterfaceOrientationLandscapeRight";
				INFOPLIST_KEY_UISupportedInterfaceOrientations_iPhone = "UIInterfaceOrientationPortrait UIInterfaceOrientationLandscapeLeft UIInterfaceOrientationLandscapeRight";
				LD_RUNPATH_SEARCH_PATHS = (
					"$(inherited)",
					"@executable_path/Frameworks",
				);
				MARKETING_VERSION = 1.0;
				PRODUCT_BUNDLE_IDENTIFIER = "com.aliaksandr.hunko.MVVM-Counter";
				PRODUCT_NAME = "$(TARGET_NAME)";
				SWIFT_EMIT_LOC_STRINGS = YES;
				SWIFT_VERSION = 5.0;
				TARGETED_DEVICE_FAMILY = "1,2";
			};
			name = Debug;
		};
		DA9395F2291A87CF00F5F549 /* Release */ = {
			isa = XCBuildConfiguration;
			buildSettings = {
				ASSETCATALOG_COMPILER_APPICON_NAME = AppIcon;
				ASSETCATALOG_COMPILER_GLOBAL_ACCENT_COLOR_NAME = AccentColor;
				CODE_SIGN_STYLE = Automatic;
				CURRENT_PROJECT_VERSION = 1;
				DEVELOPMENT_TEAM = 4XKQ66453D;
				GENERATE_INFOPLIST_FILE = YES;
				INFOPLIST_FILE = MVVM_Counter/Resources/Info.plist;
				INFOPLIST_KEY_UIApplicationSupportsIndirectInputEvents = YES;
				INFOPLIST_KEY_UILaunchStoryboardName = LaunchScreen;
				INFOPLIST_KEY_UISupportedInterfaceOrientations_iPad = "UIInterfaceOrientationPortrait UIInterfaceOrientationPortraitUpsideDown UIInterfaceOrientationLandscapeLeft UIInterfaceOrientationLandscapeRight";
				INFOPLIST_KEY_UISupportedInterfaceOrientations_iPhone = "UIInterfaceOrientationPortrait UIInterfaceOrientationLandscapeLeft UIInterfaceOrientationLandscapeRight";
				LD_RUNPATH_SEARCH_PATHS = (
					"$(inherited)",
					"@executable_path/Frameworks",
				);
				MARKETING_VERSION = 1.0;
				PRODUCT_BUNDLE_IDENTIFIER = "com.aliaksandr.hunko.MVVM-Counter";
				PRODUCT_NAME = "$(TARGET_NAME)";
				SWIFT_EMIT_LOC_STRINGS = YES;
				SWIFT_VERSION = 5.0;
				TARGETED_DEVICE_FAMILY = "1,2";
			};
			name = Release;
		};
/* End XCBuildConfiguration section */

/* Begin XCConfigurationList section */
		DA9395D7291A87CE00F5F549 /* Build configuration list for PBXProject "MVVM_Counter" */ = {
			isa = XCConfigurationList;
			buildConfigurations = (
				DA9395EE291A87CF00F5F549 /* Debug */,
				DA9395EF291A87CF00F5F549 /* Release */,
			);
			defaultConfigurationIsVisible = 0;
			defaultConfigurationName = Release;
		};
		DA9395F0291A87CF00F5F549 /* Build configuration list for PBXNativeTarget "MVVM_Counter" */ = {
			isa = XCConfigurationList;
			buildConfigurations = (
				DA9395F1291A87CF00F5F549 /* Debug */,
				DA9395F2291A87CF00F5F549 /* Release */,
			);
			defaultConfigurationIsVisible = 0;
			defaultConfigurationName = Release;
		};
/* End XCConfigurationList section */

/* Begin XCRemoteSwiftPackageReference section */
		DA9395F8291A88AD00F5F549 /* XCRemoteSwiftPackageReference "EasyAutoLayout" */ = {
			isa = XCRemoteSwiftPackageReference;
			repositoryURL = "https://github.com/Ligr/EasyAutoLayout";
			requirement = {
				branch = main;
				kind = branch;
			};
		};
/* End XCRemoteSwiftPackageReference section */

/* Begin XCSwiftPackageProductDependency section */
		DA9395F9291A88AD00F5F549 /* EasyAutolayout */ = {
			isa = XCSwiftPackageProductDependency;
			package = DA9395F8291A88AD00F5F549 /* XCRemoteSwiftPackageReference "EasyAutoLayout" */;
			productName = EasyAutolayout;
		};
/* End XCSwiftPackageProductDependency section */
	};
	rootObject = DA9395D4291A87CE00F5F549 /* Project object */;
}
